
Microsoft Visual Studio Solution File, Format Version 12.00
# Visual Studio Version 16
VisualStudioVersion = 16.0.31729.503
MinimumVisualStudioVersion = 10.0.40219.1
Project("{FAE04EC0-301F-11D3-BF4B-00C04F79EFBC}") = "D01_Console", "D01_Console\D01_Console.csproj", "{E5CEE85D-F4C2-45CA-9777-49268E08F77C}"
EndProject
Global
	GlobalSection(SolutionConfigurationPlatforms) = preSolution
		Debug|Any CPU = Debug|Any CPU
		Release|Any CPU = Release|Any CPU
	EndGlobalSection
	GlobalSection(ProjectConfigurationPlatforms) = postSolution
		{E5CEE85D-F4C2-45CA-9777-49268E08F77C}.Debug|Any CPU.ActiveCfg = Debug|Any CPU
		{E5CEE85D-F4C2-45CA-9777-49268E08F77C}.Debug|Any CPU.Build.0 = Debug|Any CPU
		{E5CEE85D-F4C2-45CA-9777-49268E08F77C}.Release|Any CPU.ActiveCfg = Release|Any CPU
		{E5CEE85D-F4C2-45CA-9777-49268E08F77C}.Release|Any CPU.Build.0 = Release|Any CPU
	EndGlobalSection
	GlobalSection(SolutionProperties) = preSolution
		HideSolutionNode = FALSE
	EndGlobalSection
	GlobalSection(ExtensibilityGlobals) = postSolution
		SolutionGuid = {B00DCA5C-6906-4EFD-AB3A-9FA685B74352}
	EndGlobalSection
EndGlobal
